
Microsoft Visual Studio Solution File, Format Version 12.00
# Visual Studio Version 17
VisualStudioVersion = 17.9.34728.123
MinimumVisualStudioVersion = 10.0.40219.1
Project("{8BC9CEB8-8B4A-11D0-8D11-00A0C91BC942}") = "Ajedrez", "Ajedrez\Ajedrez.vcxproj", "{F5B585CA-51BF-435F-A046-5A984A247710}"
EndProject
Global
	GlobalSection(SolutionConfigurationPlatforms) = preSolution
		Debug|x64 = Debug|x64
		Debug|x86 = Debug|x86
		Release|x64 = Release|x64
		Release|x86 = Release|x86
	EndGlobalSection
	GlobalSection(ProjectConfigurationPlatforms) = postSolution
		{F5B585CA-51BF-435F-A046-5A984A247710}.Debug|x64.ActiveCfg = Debug|x64
		{F5B585CA-51BF-435F-A046-5A984A247710}.Debug|x64.Build.0 = Debug|x64
		{F5B585CA-51BF-435F-A046-5A984A247710}.Debug|x86.ActiveCfg = Debug|Win32
		{F5B585CA-51BF-435F-A046-5A984A247710}.Debug|x86.Build.0 = Debug|Win32
		{F5B585CA-51BF-435F-A046-5A984A247710}.Release|x64.ActiveCfg = Release|x64
		{F5B585CA-51BF-435F-A046-5A984A247710}.Release|x64.Build.0 = Release|x64
		{F5B585CA-51BF-435F-A046-5A984A247710}.Release|x86.ActiveCfg = Release|Win32
		{F5B585CA-51BF-435F-A046-5A984A247710}.Release|x86.Build.0 = Release|Win32
	EndGlobalSection
	GlobalSection(SolutionProperties) = preSolution
		HideSolutionNode = FALSE
	EndGlobalSection
	GlobalSection(ExtensibilityGlobals) = postSolution
		SolutionGuid = {5829FE0C-46D9-4598-A9D2-B3B8D675ACEB}
	EndGlobalSection
EndGlobal
